
Microsoft Visual Studio Solution File, Format Version 12.00
# Visual Studio Version 17
VisualStudioVersion = 17.2.32505.173
MinimumVisualStudioVersion = 10.0.40219.1
Project("{9A19103F-16F7-4668-BE54-9A1E7A4F7556}") = "JokeApp", "JokeApp\JokeApp.csproj", "{4496490D-DB4C-4B99-A886-C652DED69658}"
EndProject
Project("{FAE04EC0-301F-11D3-BF4B-00C04F79EFBC}") = "JokeApp.tests", "JokeApp.tests\JokeApp.tests.csproj", "{88E927D9-A831-411E-B6F2-20FCF5DD1CE9}"
EndProject
Global
	GlobalSection(SolutionConfigurationPlatforms) = preSolution
		Debug|Any CPU = Debug|Any CPU
		Release|Any CPU = Release|Any CPU
	EndGlobalSection
	GlobalSection(ProjectConfigurationPlatforms) = postSolution
		{4496490D-DB4C-4B99-A886-C652DED69658}.Debug|Any CPU.ActiveCfg = Debug|Any CPU
		{4496490D-DB4C-4B99-A886-C652DED69658}.Debug|Any CPU.Build.0 = Debug|Any CPU
		{4496490D-DB4C-4B99-A886-C652DED69658}.Release|Any CPU.ActiveCfg = Release|Any CPU
		{4496490D-DB4C-4B99-A886-C652DED69658}.Release|Any CPU.Build.0 = Release|Any CPU
		{88E927D9-A831-411E-B6F2-20FCF5DD1CE9}.Debug|Any CPU.ActiveCfg = Debug|Any CPU
		{88E927D9-A831-411E-B6F2-20FCF5DD1CE9}.Debug|Any CPU.Build.0 = Debug|Any CPU
		{88E927D9-A831-411E-B6F2-20FCF5DD1CE9}.Release|Any CPU.ActiveCfg = Release|Any CPU
		{88E927D9-A831-411E-B6F2-20FCF5DD1CE9}.Release|Any CPU.Build.0 = Release|Any CPU
	EndGlobalSection
	GlobalSection(SolutionProperties) = preSolution
		HideSolutionNode = FALSE
	EndGlobalSection
	GlobalSection(ExtensibilityGlobals) = postSolution
		SolutionGuid = {769059F5-8FC4-4B39-BB8D-964B451628A5}
	EndGlobalSection
EndGlobal
